
Microsoft Visual Studio Solution File, Format Version 12.00
# Visual Studio Version 17
VisualStudioVersion = 17.2.32630.192
MinimumVisualStudioVersion = 10.0.40219.1
Project("{888888A0-9F3D-457C-B088-3A5042F75D52}") = "MSSover", "MSSover\MSSover.pyproj", "{268EABC5-E117-42D8-AFC7-73CDEA21F597}"
EndProject
Global
	GlobalSection(SolutionConfigurationPlatforms) = preSolution
		Debug|Any CPU = Debug|Any CPU
		Release|Any CPU = Release|Any CPU
	EndGlobalSection
	GlobalSection(ProjectConfigurationPlatforms) = postSolution
		{268EABC5-E117-42D8-AFC7-73CDEA21F597}.Debug|Any CPU.ActiveCfg = Debug|Any CPU
		{268EABC5-E117-42D8-AFC7-73CDEA21F597}.Release|Any CPU.ActiveCfg = Release|Any CPU
	EndGlobalSection
	GlobalSection(SolutionProperties) = preSolution
		HideSolutionNode = FALSE
	EndGlobalSection
	GlobalSection(ExtensibilityGlobals) = postSolution
		SolutionGuid = {A4F4EF8D-142B-4148-BF37-323197A40625}
	EndGlobalSection
EndGlobal
